
Microsoft Visual Studio Solution File, Format Version 12.00
# Visual Studio Version 17
VisualStudioVersion = 17.7.34031.279
MinimumVisualStudioVersion = 10.0.40219.1
Project("{FAE04EC0-301F-11D3-BF4B-00C04F79EFBC}") = "Snake.Validator.Service", "Snake-Validator\Snake.Validator.Service.csproj", "{19A7662E-179E-4163-8F78-6DE8FBD315D8}"
EndProject
Global
	GlobalSection(SolutionConfigurationPlatforms) = preSolution
		Debug|Any CPU = Debug|Any CPU
		Release|Any CPU = Release|Any CPU
	EndGlobalSection
	GlobalSection(ProjectConfigurationPlatforms) = postSolution
		{19A7662E-179E-4163-8F78-6DE8FBD315D8}.Debug|Any CPU.ActiveCfg = Debug|Any CPU
		{19A7662E-179E-4163-8F78-6DE8FBD315D8}.Debug|Any CPU.Build.0 = Debug|Any CPU
		{19A7662E-179E-4163-8F78-6DE8FBD315D8}.Release|Any CPU.ActiveCfg = Release|Any CPU
		{19A7662E-179E-4163-8F78-6DE8FBD315D8}.Release|Any CPU.Build.0 = Release|Any CPU
	EndGlobalSection
	GlobalSection(SolutionProperties) = preSolution
		HideSolutionNode = FALSE
	EndGlobalSection
	GlobalSection(ExtensibilityGlobals) = postSolution
		SolutionGuid = {507AF55E-7E42-49CF-A777-C604801B65EF}
	EndGlobalSection
EndGlobal
